<?xml version="1.0" encoding="utf-8"?>
<Project ToolsVersion="4.0" xmlns="http://schemas.microsoft.com/developer/msbuild/2003">
  <ItemGroup>
    <ApplicationDefinition Include="App.xaml" />
  </ItemGroup>
  <ItemGroup>
    <Page Include="MainWindow.xaml" />
    <Page Include="MainPage.xaml">
      <Filter>Views</Filter>
    </Page>
    <Page Include="MasterViewer.xaml">
      <Filter>Views</Filter>
    </Page>
  </ItemGroup>
  <ItemGroup>
    <Midl Include="App.idl" />
    <Midl Include="MainWindow.idl" />
    <Midl Include="MainPageViewModel.idl">
      <Filter>ViewModels</Filter>
    </Midl>
    <Midl Include="ViewEntities.idl">
      <Filter>ViewModels</Filter>
    </Midl>
    <Midl Include="StringUtils.idl">
      <Filter>Utils</Filter>
    </Midl>
  </ItemGroup>
  <ItemGroup>
    <ClCompile Include="pch.cpp" />
    <ClCompile Include="$(GeneratedFilesDir)module.g.cpp" />
    <ClCompile Include="MainPageViewModel.cpp">
      <Filter>ViewModels</Filter>
    </ClCompile>
    <ClCompile Include="DeviceResources.cpp">
      <Filter>DX</Filter>
    </ClCompile>
    <ClCompile Include="StringUtils.cpp">
      <Filter>Utils</Filter>
    </ClCompile>
  </ItemGroup>
  <ItemGroup>
    <ClInclude Include="pch.h" />
    <ClInclude Include="MainPageViewModel.h">
      <Filter>ViewModels</Filter>
    </ClInclude>
    <ClInclude Include="DeviceResources.h">
      <Filter>DX</Filter>
    </ClInclude>
    <ClInclude Include="DirectXHelper.h">
      <Filter>DX</Filter>
    </ClInclude>
    <ClInclude Include="GraphicsRenderThread.h">
      <Filter>Graphics</Filter>
    </ClInclude>
    <ClInclude Include="OneWindow.h" />
    <ClInclude Include="Shaders\vlinepool_ps.hlsl.h">
      <Filter>Shaders</Filter>
    </ClInclude>
    <ClInclude Include="Shaders\vlinepool_vs.hlsl.h">
      <Filter>Shaders</Filter>
    </ClInclude>
    <ClInclude Include="VisualLinePool.h">
      <Filter>Graphics</Filter>
    </ClInclude>
    <ClInclude Include="GraphicsEntities.h">
      <Filter>Entities</Filter>
    </ClInclude>
    <ClInclude Include="IOUtils.h">
      <Filter>Utils</Filter>
    </ClInclude>
    <ClInclude Include="StringUtils.h">
      <Filter>Utils</Filter>
    </ClInclude>
  </ItemGroup>
  <ItemGroup>
    <Filter Include="Assets">
      <UniqueIdentifier>{e48dc53e-40b1-40cb-970a-f89935452892}</UniqueIdentifier>
    </Filter>
    <Filter Include="Views">
      <UniqueIdentifier>{86fe4d83-735e-4781-8f85-50ee1faf288b}</UniqueIdentifier>
    </Filter>
    <Filter Include="ViewModels">
      <UniqueIdentifier>{47109fd2-d8e0-4a39-894c-db47f8bc8029}</UniqueIdentifier>
    </Filter>
    <Filter Include="Graphics">
      <UniqueIdentifier>{beeb093a-70e2-4e3c-bc82-97ebaf2ac80f}</UniqueIdentifier>
    </Filter>
    <Filter Include="DX">
      <UniqueIdentifier>{d580dfde-b214-467b-9d39-6770af03b171}</UniqueIdentifier>
    </Filter>
    <Filter Include="Shaders">
      <UniqueIdentifier>{ea204bef-0cf9-416e-921a-55e0f2b0161b}</UniqueIdentifier>
    </Filter>
    <Filter Include="Entities">
      <UniqueIdentifier>{cefe0e66-d32f-4913-84a5-676f049c9d03}</UniqueIdentifier>
    </Filter>
    <Filter Include="Utils">
      <UniqueIdentifier>{542d509b-42c2-4119-9ef9-cf6d33c0d472}</UniqueIdentifier>
    </Filter>
  </ItemGroup>
  <ItemGroup>
    <Text Include="readme.txt" />
  </ItemGroup>
  <ItemGroup>
    <Manifest Include="app.manifest" />
  </ItemGroup>
  <ItemGroup>
    <None Include="packages.config" />
  </ItemGroup>
</Project>